// !$*UTF8*$!
{
	archiveVersion = 1;
	classes = {
	};
	objectVersion = 50;
	objects = {

/* Begin PBXBuildFile section */
		844D11BD254950C70060A851 /* AppDelegate.swift in Sources */ = {isa = PBXBuildFile; fileRef = 844D11BC254950C70060A851 /* AppDelegate.swift */; };
		844D11BF254950C70060A851 /* SceneDelegate.swift in Sources */ = {isa = PBXBuildFile; fileRef = 844D11BE254950C70060A851 /* SceneDelegate.swift */; };
		844D11C1254950C70060A851 /* ViewController.swift in Sources */ = {isa = PBXBuildFile; fileRef = 844D11C0254950C70060A851 /* ViewController.swift */; };
		844D11C4254950C70060A851 /* Main.storyboard in Resources */ = {isa = PBXBuildFile; fileRef = 844D11C2254950C70060A851 /* Main.storyboard */; };
		844D11C6254950C90060A851 /* Assets.xcassets in Resources */ = {isa = PBXBuildFile; fileRef = 844D11C5254950C90060A851 /* Assets.xcassets */; };
		844D11C9254950C90060A851 /* LaunchScreen.storyboard in Resources */ = {isa = PBXBuildFile; fileRef = 844D11C7254950C90060A851 /* LaunchScreen.storyboard */; };
		844D11D72549575E0060A851 /* CA绘制.swift in Sources */ = {isa = PBXBuildFile; fileRef = 844D11D62549575E0060A851 /* CA绘制.swift */; };
		844D11DB2549578E0060A851 /* Input.swift in Sources */ = {isa = PBXBuildFile; fileRef = 844D11DA2549578E0060A851 /* Input.swift */; };
		844D11DE254958840060A851 /* Global.swift in Sources */ = {isa = PBXBuildFile; fileRef = 844D11DD254958840060A851 /* Global.swift */; };
		844D11E3254958D00060A851 /* UIView+Ext.swift in Sources */ = {isa = PBXBuildFile; fileRef = 844D11E2254958D00060A851 /* UIView+Ext.swift */; };
		844D11EA254965760060A851 /* CG绘制.swift in Sources */ = {isa = PBXBuildFile; fileRef = 844D11E9254965760060A851 /* CG绘制.swift */; };
		844D11ED25498CC00060A851 /* test.plist in Resources */ = {isa = PBXBuildFile; fileRef = 844D11EC25498CC00060A851 /* test.plist */; };
		844D11F4254A5FD30060A851 /* 油画笔.swift in Sources */ = {isa = PBXBuildFile; fileRef = 844D11F3254A5FD30060A851 /* 油画笔.swift */; };
		844D1245254C16A50060A851 /* CGPath+Ext.swift in Sources */ = {isa = PBXBuildFile; fileRef = 844D1244254C16A50060A851 /* CGPath+Ext.swift */; };
/* End PBXBuildFile section */

/* Begin PBXFileReference section */
		844D11B9254950C70060A851 /* 绘制.app */ = {isa = PBXFileReference; explicitFileType = wrapper.application; includeInIndex = 0; path = "绘制.app"; sourceTree = BUILT_PRODUCTS_DIR; };
		844D11BC254950C70060A851 /* AppDelegate.swift */ = {isa = PBXFileReference; lastKnownFileType = sourcecode.swift; path = AppDelegate.swift; sourceTree = "<group>"; };
		844D11BE254950C70060A851 /* SceneDelegate.swift */ = {isa = PBXFileReference; lastKnownFileType = sourcecode.swift; path = SceneDelegate.swift; sourceTree = "<group>"; };
		844D11C0254950C70060A851 /* ViewController.swift */ = {isa = PBXFileReference; lastKnownFileType = sourcecode.swift; path = ViewController.swift; sourceTree = "<group>"; };
		844D11C3254950C70060A851 /* Base */ = {isa = PBXFileReference; lastKnownFileType = file.storyboard; name = Base; path = Base.lproj/Main.storyboard; sourceTree = "<group>"; };
		844D11C5254950C90060A851 /* Assets.xcassets */ = {isa = PBXFileReference; lastKnownFileType = folder.assetcatalog; path = Assets.xcassets; sourceTree = "<group>"; };
		844D11C8254950C90060A851 /* Base */ = {isa = PBXFileReference; lastKnownFileType = file.storyboard; name = Base; path = Base.lproj/LaunchScreen.storyboard; sourceTree = "<group>"; };
		844D11CA254950C90060A851 /* Info.plist */ = {isa = PBXFileReference; lastKnownFileType = text.plist.xml; path = Info.plist; sourceTree = "<group>"; };
		844D11D62549575E0060A851 /* CA绘制.swift */ = {isa = PBXFileReference; lastKnownFileType = sourcecode.swift; path = "CA绘制.swift"; sourceTree = "<group>"; };
		844D11DA2549578E0060A851 /* Input.swift */ = {isa = PBXFileReference; lastKnownFileType = sourcecode.swift; path = Input.swift; sourceTree = "<group>"; };
		844D11DD254958840060A851 /* Global.swift */ = {isa = PBXFileReference; lastKnownFileType = sourcecode.swift; path = Global.swift; sourceTree = "<group>"; };
		844D11E2254958D00060A851 /* UIView+Ext.swift */ = {isa = PBXFileReference; lastKnownFileType = sourcecode.swift; path = "UIView+Ext.swift"; sourceTree = "<group>"; };
		844D11E9254965760060A851 /* CG绘制.swift */ = {isa = PBXFileReference; lastKnownFileType = sourcecode.swift; path = "CG绘制.swift"; sourceTree = "<group>"; };
		844D11EC25498CC00060A851 /* test.plist */ = {isa = PBXFileReference; fileEncoding = 4; lastKnownFileType = text.plist.xml; path = test.plist; sourceTree = "<group>"; };
		844D11F3254A5FD30060A851 /* 油画笔.swift */ = {isa = PBXFileReference; lastKnownFileType = sourcecode.swift; path = "油画笔.swift"; sourceTree = "<group>"; };
		844D1244254C16A50060A851 /* CGPath+Ext.swift */ = {isa = PBXFileReference; lastKnownFileType = sourcecode.swift; path = "CGPath+Ext.swift"; sourceTree = "<group>"; };
/* End PBXFileReference section */

/* Begin PBXFrameworksBuildPhase section */
		844D11B6254950C70060A851 /* Frameworks */ = {
			isa = PBXFrameworksBuildPhase;
			buildActionMask = 2147483647;
			files = (
			);
			runOnlyForDeploymentPostprocessing = 0;
		};
/* End PBXFrameworksBuildPhase section */

/* Begin PBXGroup section */
		844D11B0254950C70060A851 = {
			isa = PBXGroup;
			children = (
				844D11BB254950C70060A851 /* 绘制 */,
				844D11BA254950C70060A851 /* Products */,
			);
			sourceTree = "<group>";
		};
		844D11BA254950C70060A851 /* Products */ = {
			isa = PBXGroup;
			children = (
				844D11B9254950C70060A851 /* 绘制.app */,
			);
			name = Products;
			sourceTree = "<group>";
		};
		844D11BB254950C70060A851 /* 绘制 */ = {
			isa = PBXGroup;
			children = (
				844D1242254C166E0060A851 /* Global */,
				844D1241254C165C0060A851 /* Extension */,
				844D1243254C167C0060A851 /* 绘制Protocol */,
				844D11D3254950E30060A851 /* Core Graphics绘制 */,
				844D11D1254950DB0060A851 /* Core Animation绘制 */,
				844D11BC254950C70060A851 /* AppDelegate.swift */,
				844D11BE254950C70060A851 /* SceneDelegate.swift */,
				844D11C0254950C70060A851 /* ViewController.swift */,
				844D11C2254950C70060A851 /* Main.storyboard */,
				844D11C5254950C90060A851 /* Assets.xcassets */,
				844D11C7254950C90060A851 /* LaunchScreen.storyboard */,
				844D11CA254950C90060A851 /* Info.plist */,
				844D11EC25498CC00060A851 /* test.plist */,
			);
			path = "绘制";
			sourceTree = "<group>";
		};
		844D11D1254950DB0060A851 /* Core Animation绘制 */ = {
			isa = PBXGroup;
			children = (
				844D11D62549575E0060A851 /* CA绘制.swift */,
			);
			path = "Core Animation绘制";
			sourceTree = "<group>";
		};
		844D11D3254950E30060A851 /* Core Graphics绘制 */ = {
			isa = PBXGroup;
			children = (
				844D11E9254965760060A851 /* CG绘制.swift */,
				844D11F3254A5FD30060A851 /* 油画笔.swift */,
			);
			path = "Core Graphics绘制";
			sourceTree = "<group>";
		};
		844D1241254C165C0060A851 /* Extension */ = {
			isa = PBXGroup;
			children = (
				844D11E2254958D00060A851 /* UIView+Ext.swift */,
				844D1244254C16A50060A851 /* CGPath+Ext.swift */,
			);
			path = Extension;
			sourceTree = "<group>";
		};
		844D1242254C166E0060A851 /* Global */ = {
			isa = PBXGroup;
			children = (
				844D11DD254958840060A851 /* Global.swift */,
			);
			path = Global;
			sourceTree = "<group>";
		};
		844D1243254C167C0060A851 /* 绘制Protocol */ = {
			isa = PBXGroup;
			children = (
				844D11DA2549578E0060A851 /* Input.swift */,
			);
			path = "绘制Protocol";
			sourceTree = "<group>";
		};
/* End PBXGroup section */

/* Begin PBXNativeTarget section */
		844D11B8254950C70060A851 /* 绘制 */ = {
			isa = PBXNativeTarget;
			buildConfigurationList = 844D11CD254950C90060A851 /* Build configuration list for PBXNativeTarget "绘制" */;
			buildPhases = (
				844D11B5254950C70060A851 /* Sources */,
				844D11B6254950C70060A851 /* Frameworks */,
				844D11B7254950C70060A851 /* Resources */,
			);
			buildRules = (
			);
			dependencies = (
			);
			name = "绘制";
			productName = "绘制";
			productReference = 844D11B9254950C70060A851 /* 绘制.app */;
			productType = "com.apple.product-type.application";
		};
/* End PBXNativeTarget section */

/* Begin PBXProject section */
		844D11B1254950C70060A851 /* Project object */ = {
			isa = PBXProject;
			attributes = {
				LastSwiftUpdateCheck = 1200;
				LastUpgradeCheck = 1200;
				TargetAttributes = {
					844D11B8254950C70060A851 = {
						CreatedOnToolsVersion = 12.0.1;
					};
				};
			};
			buildConfigurationList = 844D11B4254950C70060A851 /* Build configuration list for PBXProject "绘制" */;
			compatibilityVersion = "Xcode 9.3";
			developmentRegion = en;
			hasScannedForEncodings = 0;
			knownRegions = (
				en,
				Base,
			);
			mainGroup = 844D11B0254950C70060A851;
			productRefGroup = 844D11BA254950C70060A851 /* Products */;
			projectDirPath = "";
			projectRoot = "";
			targets = (
				844D11B8254950C70060A851 /* 绘制 */,
			);
		};
/* End PBXProject section */

/* Begin PBXResourcesBuildPhase section */
		844D11B7254950C70060A851 /* Resources */ = {
			isa = PBXResourcesBuildPhase;
			buildActionMask = 2147483647;
			files = (
				844D11ED25498CC00060A851 /* test.plist in Resources */,
				844D11C9254950C90060A851 /* LaunchScreen.storyboard in Resources */,
				844D11C6254950C90060A851 /* Assets.xcassets in Resources */,
				844D11C4254950C70060A851 /* Main.storyboard in Resources */,
			);
			runOnlyForDeploymentPostprocessing = 0;
		};
/* End PBXResourcesBuildPhase section */

/* Begin PBXSourcesBuildPhase section */
		844D11B5254950C70060A851 /* Sources */ = {
			isa = PBXSourcesBuildPhase;
			buildActionMask = 2147483647;
			files = (
				844D11DB2549578E0060A851 /* Input.swift in Sources */,
				844D11F4254A5FD30060A851 /* 油画笔.swift in Sources */,
				844D11C1254950C70060A851 /* ViewController.swift in Sources */,
				844D11DE254958840060A851 /* Global.swift in Sources */,
				844D1245254C16A50060A851 /* CGPath+Ext.swift in Sources */,
				844D11BD254950C70060A851 /* AppDelegate.swift in Sources */,
				844D11E3254958D00060A851 /* UIView+Ext.swift in Sources */,
				844D11EA254965760060A851 /* CG绘制.swift in Sources */,
				844D11BF254950C70060A851 /* SceneDelegate.swift in Sources */,
				844D11D72549575E0060A851 /* CA绘制.swift in Sources */,
			);
			runOnlyForDeploymentPostprocessing = 0;
		};
/* End PBXSourcesBuildPhase section */

/* Begin PBXVariantGroup section */
		844D11C2254950C70060A851 /* Main.storyboard */ = {
			isa = PBXVariantGroup;
			children = (
				844D11C3254950C70060A851 /* Base */,
			);
			name = Main.storyboard;
			sourceTree = "<group>";
		};
		844D11C7254950C90060A851 /* LaunchScreen.storyboard */ = {
			isa = PBXVariantGroup;
			children = (
				844D11C8254950C90060A851 /* Base */,
			);
			name = LaunchScreen.storyboard;
			sourceTree = "<group>";
		};
/* End PBXVariantGroup section */

/* Begin XCBuildConfiguration section */
		844D11CB254950C90060A851 /* Debug */ = {
			isa = XCBuildConfiguration;
			buildSettings = {
				ALWAYS_SEARCH_USER_PATHS = NO;
				CLANG_ANALYZER_NONNULL = YES;
				CLANG_ANALYZER_NUMBER_OBJECT_CONVERSION = YES_AGGRESSIVE;
				CLANG_CXX_LANGUAGE_STANDARD = "gnu++14";
				CLANG_CXX_LIBRARY = "libc++";
				CLANG_ENABLE_MODULES = YES;
				CLANG_ENABLE_OBJC_ARC = YES;
				CLANG_ENABLE_OBJC_WEAK = YES;
				CLANG_WARN_BLOCK_CAPTURE_AUTORELEASING = YES;
				CLANG_WARN_BOOL_CONVERSION = YES;
				CLANG_WARN_COMMA = YES;
				CLANG_WARN_CONSTANT_CONVERSION = YES;
				CLANG_WARN_DEPRECATED_OBJC_IMPLEMENTATIONS = YES;
				CLANG_WARN_DIRECT_OBJC_ISA_USAGE = YES_ERROR;
				CLANG_WARN_DOCUMENTATION_COMMENTS = YES;
				CLANG_WARN_EMPTY_BODY = YES;
				CLANG_WARN_ENUM_CONVERSION = YES;
				CLANG_WARN_INFINITE_RECURSION = YES;
				CLANG_WARN_INT_CONVERSION = YES;
				CLANG_WARN_NON_LITERAL_NULL_CONVERSION = YES;
				CLANG_WARN_OBJC_IMPLICIT_RETAIN_SELF = YES;
				CLANG_WARN_OBJC_LITERAL_CONVERSION = YES;
				CLANG_WARN_OBJC_ROOT_CLASS = YES_ERROR;
				CLANG_WARN_QUOTED_INCLUDE_IN_FRAMEWORK_HEADER = YES;
				CLANG_WARN_RANGE_LOOP_ANALYSIS = YES;
				CLANG_WARN_STRICT_PROTOTYPES = YES;
				CLANG_WARN_SUSPICIOUS_MOVE = YES;
				CLANG_WARN_UNGUARDED_AVAILABILITY = YES_AGGRESSIVE;
				CLANG_WARN_UNREACHABLE_CODE = YES;
				CLANG_WARN__DUPLICATE_METHOD_MATCH = YES;
				COPY_PHASE_STRIP = NO;
				DEBUG_INFORMATION_FORMAT = dwarf;
				ENABLE_STRICT_OBJC_MSGSEND = YES;
				ENABLE_TESTABILITY = YES;
				GCC_C_LANGUAGE_STANDARD = gnu11;
				GCC_DYNAMIC_NO_PIC = NO;
				GCC_NO_COMMON_BLOCKS = YES;
				GCC_OPTIMIZATION_LEVEL = 0;
				GCC_PREPROCESSOR_DEFINITIONS = (
					"DEBUG=1",
					"$(inherited)",
				);
				GCC_WARN_64_TO_32_BIT_CONVERSION = YES;
				GCC_WARN_ABOUT_RETURN_TYPE = YES_ERROR;
				GCC_WARN_UNDECLARED_SELECTOR = YES;
				GCC_WARN_UNINITIALIZED_AUTOS = YES_AGGRESSIVE;
				GCC_WARN_UNUSED_FUNCTION = YES;
				GCC_WARN_UNUSED_VARIABLE = YES;
				IPHONEOS_DEPLOYMENT_TARGET = 14.0;
				MTL_ENABLE_DEBUG_INFO = INCLUDE_SOURCE;
				MTL_FAST_MATH = YES;
				ONLY_ACTIVE_ARCH = YES;
				SDKROOT = iphoneos;
				SWIFT_ACTIVE_COMPILATION_CONDITIONS = DEBUG;
				SWIFT_OPTIMIZATION_LEVEL = "-Onone";
			};
			name = Debug;
		};
		844D11CC254950C90060A851 /* Release */ = {
			isa = XCBuildConfiguration;
			buildSettings = {
				ALWAYS_SEARCH_USER_PATHS = NO;
				CLANG_ANALYZER_NONNULL = YES;
				CLANG_ANALYZER_NUMBER_OBJECT_CONVERSION = YES_AGGRESSIVE;
				CLANG_CXX_LANGUAGE_STANDARD = "gnu++14";
				CLANG_CXX_LIBRARY = "libc++";
				CLANG_ENABLE_MODULES = YES;
				CLANG_ENABLE_OBJC_ARC = YES;
				CLANG_ENABLE_OBJC_WEAK = YES;
				CLANG_WARN_BLOCK_CAPTURE_AUTORELEASING = YES;
				CLANG_WARN_BOOL_CONVERSION = YES;
				CLANG_WARN_COMMA = YES;
				CLANG_WARN_CONSTANT_CONVERSION = YES;
				CLANG_WARN_DEPRECATED_OBJC_IMPLEMENTATIONS = YES;
				CLANG_WARN_DIRECT_OBJC_ISA_USAGE = YES_ERROR;
				CLANG_WARN_DOCUMENTATION_COMMENTS = YES;
				CLANG_WARN_EMPTY_BODY = YES;
				CLANG_WARN_ENUM_CONVERSION = YES;
				CLANG_WARN_INFINITE_RECURSION = YES;
				CLANG_WARN_INT_CONVERSION = YES;
				CLANG_WARN_NON_LITERAL_NULL_CONVERSION = YES;
				CLANG_WARN_OBJC_IMPLICIT_RETAIN_SELF = YES;
				CLANG_WARN_OBJC_LITERAL_CONVERSION = YES;
				CLANG_WARN_OBJC_ROOT_CLASS = YES_ERROR;
				CLANG_WARN_QUOTED_INCLUDE_IN_FRAMEWORK_HEADER = YES;
				CLANG_WARN_RANGE_LOOP_ANALYSIS = YES;
				CLANG_WARN_STRICT_PROTOTYPES = YES;
				CLANG_WARN_SUSPICIOUS_MOVE = YES;
				CLANG_WARN_UNGUARDED_AVAILABILITY = YES_AGGRESSIVE;
				CLANG_WARN_UNREACHABLE_CODE = YES;
				CLANG_WARN__DUPLICATE_METHOD_MATCH = YES;
				COPY_PHASE_STRIP = NO;
				DEBUG_INFORMATION_FORMAT = "dwarf-with-dsym";
				ENABLE_NS_ASSERTIONS = NO;
				ENABLE_STRICT_OBJC_MSGSEND = YES;
				GCC_C_LANGUAGE_STANDARD = gnu11;
				GCC_NO_COMMON_BLOCKS = YES;
				GCC_WARN_64_TO_32_BIT_CONVERSION = YES;
				GCC_WARN_ABOUT_RETURN_TYPE = YES_ERROR;
				GCC_WARN_UNDECLARED_SELECTOR = YES;
				GCC_WARN_UNINITIALIZED_AUTOS = YES_AGGRESSIVE;
				GCC_WARN_UNUSED_FUNCTION = YES;
				GCC_WARN_UNUSED_VARIABLE = YES;
				IPHONEOS_DEPLOYMENT_TARGET = 14.0;
				MTL_ENABLE_DEBUG_INFO = NO;
				MTL_FAST_MATH = YES;
				SDKROOT = iphoneos;
				SWIFT_COMPILATION_MODE = wholemodule;
				SWIFT_OPTIMIZATION_LEVEL = "-O";
				VALIDATE_PRODUCT = YES;
			};
			name = Release;
		};
		844D11CE254950C90060A851 /* Debug */ = {
			isa = XCBuildConfiguration;
			buildSettings = {
				ASSETCATALOG_COMPILER_APPICON_NAME = AppIcon;
				ASSETCATALOG_COMPILER_GLOBAL_ACCENT_COLOR_NAME = AccentColor;
				CODE_SIGN_IDENTITY = "iPhone Developer";
				CODE_SIGN_STYLE = Manual;
				DEVELOPMENT_TEAM = P6T5ZY8YV9;
				INFOPLIST_FILE = "绘制/Info.plist";
				LD_RUNPATH_SEARCH_PATHS = (
					"$(inherited)",
					"@executable_path/Frameworks",
				);
				PRODUCT_BUNDLE_IDENTIFIER = com.hulk.test;
				PRODUCT_NAME = "$(TARGET_NAME)";
				PROVISIONING_PROFILE_SPECIFIER = hulk_test_dev;
				SWIFT_VERSION = 5.0;
				TARGETED_DEVICE_FAMILY = "1,2";
			};
			name = Debug;
		};
		844D11CF254950C90060A851 /* Release */ = {
			isa = XCBuildConfiguration;
			buildSettings = {
				ASSETCATALOG_COMPILER_APPICON_NAME = AppIcon;
				ASSETCATALOG_COMPILER_GLOBAL_ACCENT_COLOR_NAME = AccentColor;
				CODE_SIGN_IDENTITY = "iPhone Developer";
				CODE_SIGN_STYLE = Manual;
				DEVELOPMENT_TEAM = P6T5ZY8YV9;
				INFOPLIST_FILE = "绘制/Info.plist";
				LD_RUNPATH_SEARCH_PATHS = (
					"$(inherited)",
					"@executable_path/Frameworks",
				);
				PRODUCT_BUNDLE_IDENTIFIER = com.hulk.test;
				PRODUCT_NAME = "$(TARGET_NAME)";
				PROVISIONING_PROFILE_SPECIFIER = hulk_test_dev;
				SWIFT_VERSION = 5.0;
				TARGETED_DEVICE_FAMILY = "1,2";
			};
			name = Release;
		};
/* End XCBuildConfiguration section */

/* Begin XCConfigurationList section */
		844D11B4254950C70060A851 /* Build configuration list for PBXProject "绘制" */ = {
			isa = XCConfigurationList;
			buildConfigurations = (
				844D11CB254950C90060A851 /* Debug */,
				844D11CC254950C90060A851 /* Release */,
			);
			defaultConfigurationIsVisible = 0;
			defaultConfigurationName = Release;
		};
		844D11CD254950C90060A851 /* Build configuration list for PBXNativeTarget "绘制" */ = {
			isa = XCConfigurationList;
			buildConfigurations = (
				844D11CE254950C90060A851 /* Debug */,
				844D11CF254950C90060A851 /* Release */,
			);
			defaultConfigurationIsVisible = 0;
			defaultConfigurationName = Release;
		};
/* End XCConfigurationList section */
	};
	rootObject = 844D11B1254950C70060A851 /* Project object */;
}
